
Microsoft Visual Studio Solution File, Format Version 12.00
# Visual Studio Version 17
VisualStudioVersion = 17.14.36705.20
MinimumVisualStudioVersion = 10.0.40219.1
Project("{FAE04EC0-301F-11D3-BF4B-00C04F79EFBC}") = "HvacMock.MockApi", "HvacMock.MockApi\HvacMock.MockApi.csproj", "{EDC346E0-A2D6-4327-87CA-78F4C5EE26AD}"
EndProject
Project("{FAE04EC0-301F-11D3-BF4B-00C04F79EFBC}") = "HvacMock.UI", "HvacMock.UI\HvacMock.UI.csproj", "{E8C1E573-5EEE-49AD-9B0D-1DD77CFC37B9}"
EndProject
Project("{FAE04EC0-301F-11D3-BF4B-00C04F79EFBC}") = "HvacMock.AdminApi", "HvacMock.AdminApi\HvacMock.AdminApi.csproj", "{D8821158-531B-C4FB-82C5-F767F1EED528}"
EndProject
Project("{FAE04EC0-301F-11D3-BF4B-00C04F79EFBC}") = "HvacMock.UI.Admin", "HvacMock.UI.Admin\HvacMock.UI.Admin.csproj", "{05E4535B-AFF5-8776-6B2C-E55C9A2ED2D5}"
EndProject
Project("{FAE04EC0-301F-11D3-BF4B-00C04F79EFBC}") = "HvacMock.Domain", "HvacMock.Domain\HvacMock.Domain.csproj", "{BCF2BA15-1DC4-47EA-9A16-C586B1FE8151}"
EndProject
Project("{FAE04EC0-301F-11D3-BF4B-00C04F79EFBC}") = "HvacMock.Application", "HvacMock.Application\HvacMock.Application.csproj", "{A6F12C6F-C4AC-48F0-91FD-AE836AB5361C}"
EndProject
Project("{FAE04EC0-301F-11D3-BF4B-00C04F79EFBC}") = "HvacMock.Infrastructure", "HvacMock.Infrastructure\HvacMock.Infrastructure.csproj", "{BADC91A5-B0ED-4C72-B1A2-33A547A5AEC5}"
EndProject
Project("{FAE04EC0-301F-11D3-BF4B-00C04F79EFBC}") = "HvacMock.Application.Tests", "HvacMock.Application.Tests\HvacMock.Application.Tests.csproj", "{912EB62F-4B50-43AC-97AC-486C845C9B0A}"
EndProject
Global
	GlobalSection(SolutionConfigurationPlatforms) = preSolution
		Debug|Any CPU = Debug|Any CPU
		Debug|x64 = Debug|x64
		Debug|x86 = Debug|x86
		Release|Any CPU = Release|Any CPU
		Release|x64 = Release|x64
		Release|x86 = Release|x86
	EndGlobalSection
	GlobalSection(ProjectConfigurationPlatforms) = postSolution
		{EDC346E0-A2D6-4327-87CA-78F4C5EE26AD}.Debug|Any CPU.ActiveCfg = Debug|Any CPU
		{EDC346E0-A2D6-4327-87CA-78F4C5EE26AD}.Debug|Any CPU.Build.0 = Debug|Any CPU
		{EDC346E0-A2D6-4327-87CA-78F4C5EE26AD}.Debug|x64.ActiveCfg = Debug|Any CPU
		{EDC346E0-A2D6-4327-87CA-78F4C5EE26AD}.Debug|x64.Build.0 = Debug|Any CPU
		{EDC346E0-A2D6-4327-87CA-78F4C5EE26AD}.Debug|x86.ActiveCfg = Debug|Any CPU
		{EDC346E0-A2D6-4327-87CA-78F4C5EE26AD}.Debug|x86.Build.0 = Debug|Any CPU
		{EDC346E0-A2D6-4327-87CA-78F4C5EE26AD}.Release|Any CPU.ActiveCfg = Release|Any CPU
		{EDC346E0-A2D6-4327-87CA-78F4C5EE26AD}.Release|Any CPU.Build.0 = Release|Any CPU
		{EDC346E0-A2D6-4327-87CA-78F4C5EE26AD}.Release|x64.ActiveCfg = Release|Any CPU
		{EDC346E0-A2D6-4327-87CA-78F4C5EE26AD}.Release|x64.Build.0 = Release|Any CPU
		{EDC346E0-A2D6-4327-87CA-78F4C5EE26AD}.Release|x86.ActiveCfg = Release|Any CPU
		{EDC346E0-A2D6-4327-87CA-78F4C5EE26AD}.Release|x86.Build.0 = Release|Any CPU
		{E8C1E573-5EEE-49AD-9B0D-1DD77CFC37B9}.Debug|Any CPU.ActiveCfg = Debug|Any CPU
		{E8C1E573-5EEE-49AD-9B0D-1DD77CFC37B9}.Debug|Any CPU.Build.0 = Debug|Any CPU
		{E8C1E573-5EEE-49AD-9B0D-1DD77CFC37B9}.Debug|x64.ActiveCfg = Debug|Any CPU
		{E8C1E573-5EEE-49AD-9B0D-1DD77CFC37B9}.Debug|x64.Build.0 = Debug|Any CPU
		{E8C1E573-5EEE-49AD-9B0D-1DD77CFC37B9}.Debug|x86.ActiveCfg = Debug|Any CPU
		{E8C1E573-5EEE-49AD-9B0D-1DD77CFC37B9}.Debug|x86.Build.0 = Debug|Any CPU
		{E8C1E573-5EEE-49AD-9B0D-1DD77CFC37B9}.Release|Any CPU.ActiveCfg = Release|Any CPU
		{E8C1E573-5EEE-49AD-9B0D-1DD77CFC37B9}.Release|Any CPU.Build.0 = Release|Any CPU
		{E8C1E573-5EEE-49AD-9B0D-1DD77CFC37B9}.Release|x64.ActiveCfg = Release|Any CPU
		{E8C1E573-5EEE-49AD-9B0D-1DD77CFC37B9}.Release|x64.Build.0 = Release|Any CPU
		{E8C1E573-5EEE-49AD-9B0D-1DD77CFC37B9}.Release|x86.ActiveCfg = Release|Any CPU
		{E8C1E573-5EEE-49AD-9B0D-1DD77CFC37B9}.Release|x86.Build.0 = Release|Any CPU
		{D8821158-531B-C4FB-82C5-F767F1EED528}.Debug|Any CPU.ActiveCfg = Debug|Any CPU
		{D8821158-531B-C4FB-82C5-F767F1EED528}.Debug|Any CPU.Build.0 = Debug|Any CPU
		{D8821158-531B-C4FB-82C5-F767F1EED528}.Debug|x64.ActiveCfg = Debug|Any CPU
		{D8821158-531B-C4FB-82C5-F767F1EED528}.Debug|x64.Build.0 = Debug|Any CPU
		{D8821158-531B-C4FB-82C5-F767F1EED528}.Debug|x86.ActiveCfg = Debug|Any CPU
		{D8821158-531B-C4FB-82C5-F767F1EED528}.Debug|x86.Build.0 = Debug|Any CPU
		{D8821158-531B-C4FB-82C5-F767F1EED528}.Release|Any CPU.ActiveCfg = Release|Any CPU
		{D8821158-531B-C4FB-82C5-F767F1EED528}.Release|Any CPU.Build.0 = Release|Any CPU
		{D8821158-531B-C4FB-82C5-F767F1EED528}.Release|x64.ActiveCfg = Release|Any CPU
		{D8821158-531B-C4FB-82C5-F767F1EED528}.Release|x64.Build.0 = Release|Any CPU
		{D8821158-531B-C4FB-82C5-F767F1EED528}.Release|x86.ActiveCfg = Release|Any CPU
		{D8821158-531B-C4FB-82C5-F767F1EED528}.Release|x86.Build.0 = Release|Any CPU
		{05E4535B-AFF5-8776-6B2C-E55C9A2ED2D5}.Debug|Any CPU.ActiveCfg = Debug|Any CPU
		{05E4535B-AFF5-8776-6B2C-E55C9A2ED2D5}.Debug|Any CPU.Build.0 = Debug|Any CPU
		{05E4535B-AFF5-8776-6B2C-E55C9A2ED2D5}.Debug|x64.ActiveCfg = Debug|Any CPU
		{05E4535B-AFF5-8776-6B2C-E55C9A2ED2D5}.Debug|x64.Build.0 = Debug|Any CPU
		{05E4535B-AFF5-8776-6B2C-E55C9A2ED2D5}.Debug|x86.ActiveCfg = Debug|Any CPU
		{05E4535B-AFF5-8776-6B2C-E55C9A2ED2D5}.Debug|x86.Build.0 = Debug|Any CPU
		{05E4535B-AFF5-8776-6B2C-E55C9A2ED2D5}.Release|Any CPU.ActiveCfg = Release|Any CPU
		{05E4535B-AFF5-8776-6B2C-E55C9A2ED2D5}.Release|Any CPU.Build.0 = Release|Any CPU
		{05E4535B-AFF5-8776-6B2C-E55C9A2ED2D5}.Release|x64.ActiveCfg = Release|Any CPU
		{05E4535B-AFF5-8776-6B2C-E55C9A2ED2D5}.Release|x64.Build.0 = Release|Any CPU
		{05E4535B-AFF5-8776-6B2C-E55C9A2ED2D5}.Release|x86.ActiveCfg = Release|Any CPU
		{05E4535B-AFF5-8776-6B2C-E55C9A2ED2D5}.Release|x86.Build.0 = Release|Any CPU
		{BCF2BA15-1DC4-47EA-9A16-C586B1FE8151}.Debug|Any CPU.ActiveCfg = Debug|Any CPU
		{BCF2BA15-1DC4-47EA-9A16-C586B1FE8151}.Debug|Any CPU.Build.0 = Debug|Any CPU
		{BCF2BA15-1DC4-47EA-9A16-C586B1FE8151}.Debug|x64.ActiveCfg = Debug|Any CPU
		{BCF2BA15-1DC4-47EA-9A16-C586B1FE8151}.Debug|x64.Build.0 = Debug|Any CPU
		{BCF2BA15-1DC4-47EA-9A16-C586B1FE8151}.Debug|x86.ActiveCfg = Debug|Any CPU
		{BCF2BA15-1DC4-47EA-9A16-C586B1FE8151}.Debug|x86.Build.0 = Debug|Any CPU
		{BCF2BA15-1DC4-47EA-9A16-C586B1FE8151}.Release|Any CPU.ActiveCfg = Release|Any CPU
		{BCF2BA15-1DC4-47EA-9A16-C586B1FE8151}.Release|Any CPU.Build.0 = Release|Any CPU
		{BCF2BA15-1DC4-47EA-9A16-C586B1FE8151}.Release|x64.ActiveCfg = Release|Any CPU
		{BCF2BA15-1DC4-47EA-9A16-C586B1FE8151}.Release|x64.Build.0 = Release|Any CPU
		{BCF2BA15-1DC4-47EA-9A16-C586B1FE8151}.Release|x86.ActiveCfg = Release|Any CPU
		{BCF2BA15-1DC4-47EA-9A16-C586B1FE8151}.Release|x86.Build.0 = Release|Any CPU
		{A6F12C6F-C4AC-48F0-91FD-AE836AB5361C}.Debug|Any CPU.ActiveCfg = Debug|Any CPU
		{A6F12C6F-C4AC-48F0-91FD-AE836AB5361C}.Debug|Any CPU.Build.0 = Debug|Any CPU
		{A6F12C6F-C4AC-48F0-91FD-AE836AB5361C}.Debug|x64.ActiveCfg = Debug|Any CPU
		{A6F12C6F-C4AC-48F0-91FD-AE836AB5361C}.Debug|x64.Build.0 = Debug|Any CPU
		{A6F12C6F-C4AC-48F0-91FD-AE836AB5361C}.Debug|x86.ActiveCfg = Debug|Any CPU
		{A6F12C6F-C4AC-48F0-91FD-AE836AB5361C}.Debug|x86.Build.0 = Debug|Any CPU
		{A6F12C6F-C4AC-48F0-91FD-AE836AB5361C}.Release|Any CPU.ActiveCfg = Release|Any CPU
		{A6F12C6F-C4AC-48F0-91FD-AE836AB5361C}.Release|Any CPU.Build.0 = Release|Any CPU
		{A6F12C6F-C4AC-48F0-91FD-AE836AB5361C}.Release|x64.ActiveCfg = Release|Any CPU
		{A6F12C6F-C4AC-48F0-91FD-AE836AB5361C}.Release|x64.Build.0 = Release|Any CPU
		{A6F12C6F-C4AC-48F0-91FD-AE836AB5361C}.Release|x86.ActiveCfg = Release|Any CPU
		{A6F12C6F-C4AC-48F0-91FD-AE836AB5361C}.Release|x86.Build.0 = Release|Any CPU
		{BADC91A5-B0ED-4C72-B1A2-33A547A5AEC5}.Debug|Any CPU.ActiveCfg = Debug|Any CPU
		{BADC91A5-B0ED-4C72-B1A2-33A547A5AEC5}.Debug|Any CPU.Build.0 = Debug|Any CPU
		{BADC91A5-B0ED-4C72-B1A2-33A547A5AEC5}.Debug|x64.ActiveCfg = Debug|Any CPU
		{BADC91A5-B0ED-4C72-B1A2-33A547A5AEC5}.Debug|x64.Build.0 = Debug|Any CPU
		{BADC91A5-B0ED-4C72-B1A2-33A547A5AEC5}.Debug|x86.ActiveCfg = Debug|Any CPU
		{BADC91A5-B0ED-4C72-B1A2-33A547A5AEC5}.Debug|x86.Build.0 = Debug|Any CPU
		{BADC91A5-B0ED-4C72-B1A2-33A547A5AEC5}.Release|Any CPU.ActiveCfg = Release|Any CPU
		{BADC91A5-B0ED-4C72-B1A2-33A547A5AEC5}.Release|Any CPU.Build.0 = Release|Any CPU
		{BADC91A5-B0ED-4C72-B1A2-33A547A5AEC5}.Release|x64.ActiveCfg = Release|Any CPU
		{BADC91A5-B0ED-4C72-B1A2-33A547A5AEC5}.Release|x64.Build.0 = Release|Any CPU
		{BADC91A5-B0ED-4C72-B1A2-33A547A5AEC5}.Release|x86.ActiveCfg = Release|Any CPU
		{BADC91A5-B0ED-4C72-B1A2-33A547A5AEC5}.Release|x86.Build.0 = Release|Any CPU
		{912EB62F-4B50-43AC-97AC-486C845C9B0A}.Debug|Any CPU.ActiveCfg = Debug|Any CPU
		{912EB62F-4B50-43AC-97AC-486C845C9B0A}.Debug|Any CPU.Build.0 = Debug|Any CPU
		{912EB62F-4B50-43AC-97AC-486C845C9B0A}.Debug|x64.ActiveCfg = Debug|Any CPU
		{912EB62F-4B50-43AC-97AC-486C845C9B0A}.Debug|x64.Build.0 = Debug|Any CPU
		{912EB62F-4B50-43AC-97AC-486C845C9B0A}.Debug|x86.ActiveCfg = Debug|Any CPU
		{912EB62F-4B50-43AC-97AC-486C845C9B0A}.Debug|x86.Build.0 = Debug|Any CPU
		{912EB62F-4B50-43AC-97AC-486C845C9B0A}.Release|Any CPU.ActiveCfg = Release|Any CPU
		{912EB62F-4B50-43AC-97AC-486C845C9B0A}.Release|Any CPU.Build.0 = Release|Any CPU
		{912EB62F-4B50-43AC-97AC-486C845C9B0A}.Release|x64.ActiveCfg = Release|Any CPU
		{912EB62F-4B50-43AC-97AC-486C845C9B0A}.Release|x64.Build.0 = Release|Any CPU
		{912EB62F-4B50-43AC-97AC-486C845C9B0A}.Release|x86.ActiveCfg = Release|Any CPU
		{912EB62F-4B50-43AC-97AC-486C845C9B0A}.Release|x86.Build.0 = Release|Any CPU
	EndGlobalSection
	GlobalSection(SolutionProperties) = preSolution
		HideSolutionNode = FALSE
	EndGlobalSection
	GlobalSection(ExtensibilityGlobals) = postSolution
		SolutionGuid = {A2917FB9-7914-4112-9137-0B1F5B11FA73}
	EndGlobalSection
EndGlobal
